
Microsoft Visual Studio Solution File, Format Version 12.00
# Visual Studio Version 16
VisualStudioVersion = 16.0.31205.134
MinimumVisualStudioVersion = 10.0.40219.1
Project("{9A19103F-16F7-4668-BE54-9A1E7A4F7556}") = "Authorization.Orders.Api", "Authorization.Orders.Api\Authorization.Orders.Api.csproj", "{FD7AD46F-C71B-49B9-9C48-2EBF5DC1EC00}"
EndProject
Project("{FAE04EC0-301F-11D3-BF4B-00C04F79EFBC}") = "Authorization.Users.Api", "Authorization.Users.Api\Authorization.Users.Api.csproj", "{0736A784-EF13-49FC-8D09-E23870039C70}"
EndProject
Project("{FAE04EC0-301F-11D3-BF4B-00C04F79EFBC}") = "Authorization.IdentityServer", "Authorization.IdentityServer\Authorization.IdentityServer.csproj", "{BEB31E72-D2B8-49D9-8784-A7E13940067A}"
EndProject
Global
	GlobalSection(SolutionConfigurationPlatforms) = preSolution
		Debug|Any CPU = Debug|Any CPU
		Release|Any CPU = Release|Any CPU
	EndGlobalSection
	GlobalSection(ProjectConfigurationPlatforms) = postSolution
		{FD7AD46F-C71B-49B9-9C48-2EBF5DC1EC00}.Debug|Any CPU.ActiveCfg = Debug|Any CPU
		{FD7AD46F-C71B-49B9-9C48-2EBF5DC1EC00}.Debug|Any CPU.Build.0 = Debug|Any CPU
		{FD7AD46F-C71B-49B9-9C48-2EBF5DC1EC00}.Release|Any CPU.ActiveCfg = Release|Any CPU
		{FD7AD46F-C71B-49B9-9C48-2EBF5DC1EC00}.Release|Any CPU.Build.0 = Release|Any CPU
		{0736A784-EF13-49FC-8D09-E23870039C70}.Debug|Any CPU.ActiveCfg = Debug|Any CPU
		{0736A784-EF13-49FC-8D09-E23870039C70}.Debug|Any CPU.Build.0 = Debug|Any CPU
		{0736A784-EF13-49FC-8D09-E23870039C70}.Release|Any CPU.ActiveCfg = Release|Any CPU
		{0736A784-EF13-49FC-8D09-E23870039C70}.Release|Any CPU.Build.0 = Release|Any CPU
		{BEB31E72-D2B8-49D9-8784-A7E13940067A}.Debug|Any CPU.ActiveCfg = Debug|Any CPU
		{BEB31E72-D2B8-49D9-8784-A7E13940067A}.Debug|Any CPU.Build.0 = Debug|Any CPU
		{BEB31E72-D2B8-49D9-8784-A7E13940067A}.Release|Any CPU.ActiveCfg = Release|Any CPU
		{BEB31E72-D2B8-49D9-8784-A7E13940067A}.Release|Any CPU.Build.0 = Release|Any CPU
	EndGlobalSection
	GlobalSection(SolutionProperties) = preSolution
		HideSolutionNode = FALSE
	EndGlobalSection
	GlobalSection(ExtensibilityGlobals) = postSolution
		SolutionGuid = {AB0CEC75-7664-42D8-9376-755088DECCDE}
	EndGlobalSection
EndGlobal
